{
  "lockfile_version": "1",
  "packages": {
    "bashInteractive@latest": {
      "last_modified": "2025-02-18T07:26:52Z",
      "resolved": "github:NixOS/nixpkgs/632f04521e847173c54fa72973ec6c39a371211c#bashInteractive",
      "source": "devbox-search",
      "version": "5.2p37",
      "systems": {
        "aarch64-darwin": {
          "outputs": [
            {
              "name": "out",
              "path": "/nix/store/7ppd0j3scxlgz9v106iqr4i05vs6dv8f-bash-interactive-5.2p37",
              "default": true
            },
            {
              "name": "man",
              "path": "/nix/store/nzc4d74xz6bp89xszgjhdlq4ajbbd10h-bash-interactive-5.2p37-man",
              "default": true
            },
            {
              "name": "doc",
              "path": "/nix/store/v0jlsh1n4lpjgxkxxyjqnjps6n2x6vj5-bash-interactive-5.2p37-doc"
            },
            {
              "name": "info",
              "path": "/nix/store/87j2izkwdn6i1cf9y375yjgnvxz9lrg8-bash-interactive-5.2p37-info"
            },
            {
              "name": "dev",
              "path": "/nix/store/kx703ixl474lkcqqhvxg26yg0x85f3b1-bash-interactive-5.2p37-dev"
            }
          ],
          "store_path": "/nix/store/7ppd0j3scxlgz9v106iqr4i05vs6dv8f-bash-interactive-5.2p37"
        },
        "aarch64-linux": {
          "outputs": [
            {
              "name": "out",
              "path": "/nix/store/vvqi8n8awklfv97y6k4jxsg0w8h1970v-bash-interactive-5.2p37",
              "default": true
            },
            {
              "name": "man",
              "path": "/nix/store/5ddbmjnr0mq32dj6h8aq3rcbyimdl6ia-bash-interactive-5.2p37-man",
              "default": true
            },
            {
              "name": "debug",
              "path": "/nix/store/84nn6g0xy17zlk878bis7i68hbiarhfg-bash-interactive-5.2p37-debug"
            },
            {
              "name": "dev",
              "path": "/nix/store/ljmn5pga4ymyjqbv85dwnsl5df052jzr-bash-interactive-5.2p37-dev"
            },
            {
              "name": "doc",
              "path": "/nix/store/x01w1mllkj0sa9iify8jpic62prw6lig-bash-interactive-5.2p37-doc"
            },
            {
              "name": "info",
              "path": "/nix/store/09fx54503xdgdnf94av8j64xssh5bw8a-bash-interactive-5.2p37-info"
            }
          ],
          "store_path": "/nix/store/vvqi8n8awklfv97y6k4jxsg0w8h1970v-bash-interactive-5.2p37"
        },
        "x86_64-darwin": {
          "outputs": [
            {
              "name": "out",
              "path": "/nix/store/s9wvs6kf32zhj7qva5sw4dy3zkzswxr4-bash-interactive-5.2p37",
              "default": true
            },
            {
              "name": "man",
              "path": "/nix/store/4ji6s1891jchnb8vnagildjxkr2mla6k-bash-interactive-5.2p37-man",
              "default": true
            },
            {
              "name": "dev",
              "path": "/nix/store/spdv87vmb47v0hq56jzz58db61sbbp1s-bash-interactive-5.2p37-dev"
            },
            {
              "name": "doc",
              "path": "/nix/store/fvvlrpn5d74aph62jszkby62ynn3ys15-bash-interactive-5.2p37-doc"
            },
            {
              "name": "info",
              "path": "/nix/store/f3v1r7jxmznfvidcbr4fgkxsp51qkn1k-bash-interactive-5.2p37-info"
            }
          ],
          "store_path": "/nix/store/s9wvs6kf32zhj7qva5sw4dy3zkzswxr4-bash-interactive-5.2p37"
        },
        "x86_64-linux": {
          "outputs": [
            {
              "name": "out",
              "path": "/nix/store/6vpzxqaqvwiyqywssfavs1s51b4cgsin-bash-interactive-5.2p37",
              "default": true
            },
            {
              "name": "man",
              "path": "/nix/store/q6rlnvrv67j8p7gqhyy25b4chhgql5p7-bash-interactive-5.2p37-man",
              "default": true
            },
            {
              "name": "doc",
              "path": "/nix/store/blywgvpya7499zza1a3q3d50l9lnkvj8-bash-interactive-5.2p37-doc"
            },
            {
              "name": "info",
              "path": "/nix/store/f3kcpir9lkb6n3ybdyz1f9fqi32d05mw-bash-interactive-5.2p37-info"
            },
            {
              "name": "debug",
              "path": "/nix/store/wl0idy04ap0cq9m7zica1v30qzrh8d6f-bash-interactive-5.2p37-debug"
            },
            {
              "name": "dev",
              "path": "/nix/store/4bk1q0hsar2p83950m4miv4ddhfalxh4-bash-interactive-5.2p37-dev"
            }
          ],
          "store_path": "/nix/store/6vpzxqaqvwiyqywssfavs1s51b4cgsin-bash-interactive-5.2p37"
        }
      }
    },
    "gitMinimal@latest": {
      "last_modified": "2025-03-23T05:31:05Z",
      "resolved": "github:NixOS/nixpkgs/dd613136ee91f67e5dba3f3f41ac99ae89c5406b#gitMinimal",
      "source": "devbox-search",
      "version": "2.48.1",
      "systems": {
        "aarch64-darwin": {
          "outputs": [
            {
              "name": "out",
              "path": "/nix/store/7cxmqp36nzpdwbqxvq6cjl38ai4ni27s-git-minimal-2.48.1",
              "default": true
            }
          ],
          "store_path": "/nix/store/7cxmqp36nzpdwbqxvq6cjl38ai4ni27s-git-minimal-2.48.1"
        },
        "aarch64-linux": {
          "outputs": [
            {
              "name": "out",
              "path": "/nix/store/3w8gr4vgyjnl61j1wmadbbidw6nsbqm3-git-minimal-2.48.1",
              "default": true
            },
            {
              "name": "debug",
              "path": "/nix/store/zkkfwbfcr71sn8c27x9in999hfdw4x1w-git-minimal-2.48.1-debug"
            }
          ],
          "store_path": "/nix/store/3w8gr4vgyjnl61j1wmadbbidw6nsbqm3-git-minimal-2.48.1"
        },
        "x86_64-darwin": {
          "outputs": [
            {
              "name": "out",
              "path": "/nix/store/jn39jk201gcgvqd7v19vmrzyf8nkr8h6-git-minimal-2.48.1",
              "default": true
            }
          ],
          "store_path": "/nix/store/jn39jk201gcgvqd7v19vmrzyf8nkr8h6-git-minimal-2.48.1"
        },
        "x86_64-linux": {
          "outputs": [
            {
              "name": "out",
              "path": "/nix/store/iynx7zy20fpbrv4h3l4gyrmjqjv9avsg-git-minimal-2.48.1",
              "default": true
            },
            {
              "name": "debug",
              "path": "/nix/store/26krw3qlz7id31y6h1izmhawxh5f8xbd-git-minimal-2.48.1-debug"
            }
          ],
          "store_path": "/nix/store/iynx7zy20fpbrv4h3l4gyrmjqjv9avsg-git-minimal-2.48.1"
        }
      }
    },
    "github:NixOS/nixpkgs/nixpkgs-unstable": {
      "resolved": "github:NixOS/nixpkgs/9a7caecf30a0494c88b7daeeed29244cd9a52e7d?lastModified=1746206129&narHash=sha256-JA4DynBKhY7t4DdJZTuomRLAiXFDUgCGGwxgt%2BXGiik%3D"
    },
    "jq@latest": {
      "last_modified": "2025-04-13T09:22:33Z",
      "resolved": "github:NixOS/nixpkgs/18dd725c29603f582cf1900e0d25f9f1063dbf11#jq",
      "source": "devbox-search",
      "version": "1.7.1",
      "systems": {
        "aarch64-darwin": {
          "outputs": [
            {
              "name": "bin",
              "path": "/nix/store/6njxc4ma96r9qc88scwsmnh64a086yrn-jq-1.7.1-bin",
              "default": true
            },
            {
              "name": "man",
              "path": "/nix/store/806zwhmy9qkp695x9y4c373fpcz8ql7i-jq-1.7.1-man",
              "default": true
            },
            {
              "name": "out",
              "path": "/nix/store/7h4z72g5bpfwcnmc0a77x3aqp8vg0h0f-jq-1.7.1"
            },
            {
              "name": "dev",
              "path": "/nix/store/haxb6i05p1ganzinkzk3xib7d8zg2zzd-jq-1.7.1-dev"
            },
            {
              "name": "doc",
              "path": "/nix/store/d1ij699i2mbwix1my3b8k7ckfykhrp1m-jq-1.7.1-doc"
            }
          ],
          "store_path": "/nix/store/6njxc4ma96r9qc88scwsmnh64a086yrn-jq-1.7.1-bin"
        },
        "aarch64-linux": {
          "outputs": [
            {
              "name": "bin",
              "path": "/nix/store/xv6l5qpmjm1cm1v519d3zzx72givc912-jq-1.7.1-bin",
              "default": true
            },
            {
              "name": "man",
              "path": "/nix/store/pbq5gvwvgbfx0njjvx7zaijhn9jxgv9j-jq-1.7.1-man",
              "default": true
            },
            {
              "name": "out",
              "path": "/nix/store/dr03sim3pqyxh2aakwzmp19l54alic6c-jq-1.7.1"
            },
            {
              "name": "dev",
              "path": "/nix/store/79rh194hlm4y033ry74mhm5c1gzhicxh-jq-1.7.1-dev"
            },
            {
              "name": "doc",
              "path": "/nix/store/58k6ajhi376snpa2qx9nmismqwr23fi6-jq-1.7.1-doc"
            }
          ],
          "store_path": "/nix/store/xv6l5qpmjm1cm1v519d3zzx72givc912-jq-1.7.1-bin"
        },
        "x86_64-darwin": {
          "outputs": [
            {
              "name": "bin",
              "path": "/nix/store/8xh7an43y0xkawgf0pb7mxvcr20l17qh-jq-1.7.1-bin",
              "default": true
            },
            {
              "name": "man",
              "path": "/nix/store/72iz7d48dslq7dlba92f72gcqiwy1bnv-jq-1.7.1-man",
              "default": true
            },
            {
              "name": "out",
              "path": "/nix/store/yv3i7vxi014xhly4dv8lkgh05p2n5wsy-jq-1.7.1"
            },
            {
              "name": "dev",
              "path": "/nix/store/x1rvxbvad0bkmrb849likb36kp44p6k3-jq-1.7.1-dev"
            },
            {
              "name": "doc",
              "path": "/nix/store/y7riwf6jr799jvd9v8aj5626ix6w4s6v-jq-1.7.1-doc"
            }
          ],
          "store_path": "/nix/store/8xh7an43y0xkawgf0pb7mxvcr20l17qh-jq-1.7.1-bin"
        },
        "x86_64-linux": {
          "outputs": [
            {
              "name": "bin",
              "path": "/nix/store/gpxsdrrd4x93fs75395vr2dfys1ki9mq-jq-1.7.1-bin",
              "default": true
            },
            {
              "name": "man",
              "path": "/nix/store/0h33kdarki6bp6pwf7xc5rzjnx8ky4j4-jq-1.7.1-man",
              "default": true
            },
            {
              "name": "out",
              "path": "/nix/store/ma6hybrgazb471pd53mwnvh1vsv87cxb-jq-1.7.1"
            },
            {
              "name": "dev",
              "path": "/nix/store/ld8ys81ch5fj94j0jrwbkgwwjxmbwdxh-jq-1.7.1-dev"
            },
            {
              "name": "doc",
              "path": "/nix/store/nhg3x57268kb3q1021w3m002xxqpj50w-jq-1.7.1-doc"
            }
          ],
          "store_path": "/nix/store/gpxsdrrd4x93fs75395vr2dfys1ki9mq-jq-1.7.1-bin"
        }
      }
    },
    "mask@latest": {
      "last_modified": "2025-03-23T05:31:05Z",
      "resolved": "github:NixOS/nixpkgs/dd613136ee91f67e5dba3f3f41ac99ae89c5406b#mask",
      "source": "devbox-search",
      "version": "0.11.6",
      "systems": {
        "aarch64-darwin": {
          "outputs": [
            {
              "name": "out",
              "path": "/nix/store/8k95bwlhlk8p346ak9bl3pp2pq8b2gq7-mask-0.11.6",
              "default": true
            }
          ],
          "store_path": "/nix/store/8k95bwlhlk8p346ak9bl3pp2pq8b2gq7-mask-0.11.6"
        },
        "aarch64-linux": {
          "outputs": [
            {
              "name": "out",
              "path": "/nix/store/65piymgmjjzka5v5isj5412cwb8lhfhh-mask-0.11.6",
              "default": true
            }
          ],
          "store_path": "/nix/store/65piymgmjjzka5v5isj5412cwb8lhfhh-mask-0.11.6"
        },
        "x86_64-darwin": {
          "outputs": [
            {
              "name": "out",
              "path": "/nix/store/kch4bac6dhd3gc6q45rlcp050j39c74k-mask-0.11.6",
              "default": true
            }
          ],
          "store_path": "/nix/store/kch4bac6dhd3gc6q45rlcp050j39c74k-mask-0.11.6"
        },
        "x86_64-linux": {
          "outputs": [
            {
              "name": "out",
              "path": "/nix/store/2mkn6kmlay5rwf1qcim1dsnmdsg57qbx-mask-0.11.6",
              "default": true
            }
          ],
          "store_path": "/nix/store/2mkn6kmlay5rwf1qcim1dsnmdsg57qbx-mask-0.11.6"
        }
      }
    },
    "shellcheck@latest": {
      "last_modified": "2025-03-11T17:52:14Z",
      "resolved": "github:NixOS/nixpkgs/0d534853a55b5d02a4ababa1d71921ce8f0aee4c#shellcheck",
      "source": "devbox-search",
      "version": "0.10.0",
      "systems": {
        "aarch64-darwin": {
          "outputs": [
            {
              "name": "bin",
              "path": "/nix/store/325gxaqj2jf8is7bl9l76xrg4lshm72f-shellcheck-0.10.0-bin",
              "default": true
            },
            {
              "name": "man",
              "path": "/nix/store/g62azyf0p9xj0d9j90dr7yhasbdnm7dk-shellcheck-0.10.0-man",
              "default": true
            },
            {
              "name": "doc",
              "path": "/nix/store/rjln13sbb4g1i6izlymwdj0ns5mlkdk9-shellcheck-0.10.0-doc",
              "default": true
            },
            {
              "name": "out",
              "path": "/nix/store/ch4cq7jdr08fm5anfwj9jr559v8lq5i2-shellcheck-0.10.0"
            }
          ],
          "store_path": "/nix/store/325gxaqj2jf8is7bl9l76xrg4lshm72f-shellcheck-0.10.0-bin"
        },
        "aarch64-linux": {
          "outputs": [
            {
              "name": "bin",
              "path": "/nix/store/8dms6gifrl0nxsmyw8nqvaih76wpg8g9-shellcheck-0.10.0-bin",
              "default": true
            },
            {
              "name": "man",
              "path": "/nix/store/rjsxjaw71a8wlzr1l1d5943mra0ai4k4-shellcheck-0.10.0-man",
              "default": true
            },
            {
              "name": "doc",
              "path": "/nix/store/y7wnhqz65ysb5lgqmlpn23r7wzlf640y-shellcheck-0.10.0-doc",
              "default": true
            },
            {
              "name": "out",
              "path": "/nix/store/qrbaajgcd7a2i4ihrzyg6x4wzlybbri6-shellcheck-0.10.0"
            }
          ],
          "store_path": "/nix/store/8dms6gifrl0nxsmyw8nqvaih76wpg8g9-shellcheck-0.10.0-bin"
        },
        "x86_64-darwin": {
          "outputs": [
            {
              "name": "bin",
              "path": "/nix/store/k17i8v7crc5hv7lzi490hjg40rc1xmvz-shellcheck-0.10.0-bin",
              "default": true
            },
            {
              "name": "man",
              "path": "/nix/store/cim6ifqys4d38wqx71gkiw9s7wm3m0vh-shellcheck-0.10.0-man",
              "default": true
            },
            {
              "name": "doc",
              "path": "/nix/store/hc649lnlbbwzy50kg81ib3h0bwadv70w-shellcheck-0.10.0-doc",
              "default": true
            },
            {
              "name": "out",
              "path": "/nix/store/vxih59dn7w40cny8v5r28ca5g8kmahvl-shellcheck-0.10.0"
            }
          ],
          "store_path": "/nix/store/k17i8v7crc5hv7lzi490hjg40rc1xmvz-shellcheck-0.10.0-bin"
        },
        "x86_64-linux": {
          "outputs": [
            {
              "name": "bin",
              "path": "/nix/store/9fpjy43dvmhrzdvf6djvfdj76c7xpvmi-shellcheck-0.10.0-bin",
              "default": true
            },
            {
              "name": "man",
              "path": "/nix/store/k6zkrm60hyxm7rvqp91761m2ksx0d1p8-shellcheck-0.10.0-man",
              "default": true
            },
            {
              "name": "doc",
              "path": "/nix/store/bwqhilfkvfayf8269lmfn6077gkrwg3z-shellcheck-0.10.0-doc",
              "default": true
            },
            {
              "name": "out",
              "path": "/nix/store/xf4c1r7dahlnwl3d9mww2c339is3rrqc-shellcheck-0.10.0"
            }
          ],
          "store_path": "/nix/store/9fpjy43dvmhrzdvf6djvfdj76c7xpvmi-shellcheck-0.10.0-bin"
        }
      }
    },
    "shfmt@latest": {
      "last_modified": "2025-03-11T17:52:14Z",
      "resolved": "github:NixOS/nixpkgs/0d534853a55b5d02a4ababa1d71921ce8f0aee4c#shfmt",
      "source": "devbox-search",
      "version": "3.11.0",
      "systems": {
        "aarch64-darwin": {
          "outputs": [
            {
              "name": "out",
              "path": "/nix/store/dpz2228wk87vdskpbq8v5mj3mhccmkyj-shfmt-3.11.0",
              "default": true
            }
          ],
          "store_path": "/nix/store/dpz2228wk87vdskpbq8v5mj3mhccmkyj-shfmt-3.11.0"
        },
        "aarch64-linux": {
          "outputs": [
            {
              "name": "out",
              "path": "/nix/store/s7qsx4qrmhbigw4q49a6cjlgzgzhlxnk-shfmt-3.11.0",
              "default": true
            }
          ],
          "store_path": "/nix/store/s7qsx4qrmhbigw4q49a6cjlgzgzhlxnk-shfmt-3.11.0"
        },
        "x86_64-darwin": {
          "outputs": [
            {
              "name": "out",
              "path": "/nix/store/rs9sb1zsp3myi5v54hcr6cd43y0s1gs0-shfmt-3.11.0",
              "default": true
            }
          ],
          "store_path": "/nix/store/rs9sb1zsp3myi5v54hcr6cd43y0s1gs0-shfmt-3.11.0"
        },
        "x86_64-linux": {
          "outputs": [
            {
              "name": "out",
              "path": "/nix/store/vbmfndxpvgxryk8byym2wvmgpxpssp0a-shfmt-3.11.0",
              "default": true
            }
          ],
          "store_path": "/nix/store/vbmfndxpvgxryk8byym2wvmgpxpssp0a-shfmt-3.11.0"
        }
      }
    },
    "shunit2@latest": {
      "last_modified": "2025-03-23T05:31:05Z",
      "resolved": "github:NixOS/nixpkgs/dd613136ee91f67e5dba3f3f41ac99ae89c5406b#shunit2",
      "source": "devbox-search",
      "version": "2.1.8",
      "systems": {
        "aarch64-darwin": {
          "outputs": [
            {
              "name": "out",
              "path": "/nix/store/lj23419s4ppa9yk3cp2zl04i1q2v4pcl-shunit2-2.1.8",
              "default": true
            }
          ],
          "store_path": "/nix/store/lj23419s4ppa9yk3cp2zl04i1q2v4pcl-shunit2-2.1.8"
        },
        "aarch64-linux": {
          "outputs": [
            {
              "name": "out",
              "path": "/nix/store/5pkh5p0snwlpwg1k5d7539zlv4xjhr3b-shunit2-2.1.8",
              "default": true
            }
          ],
          "store_path": "/nix/store/5pkh5p0snwlpwg1k5d7539zlv4xjhr3b-shunit2-2.1.8"
        },
        "x86_64-darwin": {
          "outputs": [
            {
              "name": "out",
              "path": "/nix/store/3jji7f5qgczb5l9ppw3nkmq4pqzmsnjx-shunit2-2.1.8",
              "default": true
            }
          ],
          "store_path": "/nix/store/3jji7f5qgczb5l9ppw3nkmq4pqzmsnjx-shunit2-2.1.8"
        },
        "x86_64-linux": {
          "outputs": [
            {
              "name": "out",
              "path": "/nix/store/0b9kjvk69465lqkkh94yiscq2gk2mphk-shunit2-2.1.8",
              "default": true
            }
          ],
          "store_path": "/nix/store/0b9kjvk69465lqkkh94yiscq2gk2mphk-shunit2-2.1.8"
        }
      }
    },
    "watchexec@latest": {
      "last_modified": "2025-04-01T20:08:20Z",
      "resolved": "github:NixOS/nixpkgs/b9d43b3fe5152d1dc5783a2ba865b2a03388b741#watchexec",
      "source": "devbox-search",
      "version": "2.3.0",
      "systems": {
        "aarch64-darwin": {
          "outputs": [
            {
              "name": "out",
              "path": "/nix/store/vvsjkxrxg52pdzic9pac9grz3l42zm9a-watchexec-2.3.0",
              "default": true
            }
          ],
          "store_path": "/nix/store/vvsjkxrxg52pdzic9pac9grz3l42zm9a-watchexec-2.3.0"
        },
        "aarch64-linux": {
          "outputs": [
            {
              "name": "out",
              "path": "/nix/store/434y39g6i75qrab9m22433xb9yqa72z6-watchexec-2.3.0",
              "default": true
            }
          ],
          "store_path": "/nix/store/434y39g6i75qrab9m22433xb9yqa72z6-watchexec-2.3.0"
        },
        "x86_64-darwin": {
          "outputs": [
            {
              "name": "out",
              "path": "/nix/store/jich7ww8i4biq8f4xcj6wz032sx5536x-watchexec-2.3.0",
              "default": true
            }
          ],
          "store_path": "/nix/store/jich7ww8i4biq8f4xcj6wz032sx5536x-watchexec-2.3.0"
        },
        "x86_64-linux": {
          "outputs": [
            {
              "name": "out",
              "path": "/nix/store/86bjxh9bq262aa05mfwpbgrpd59ncbwy-watchexec-2.3.0",
              "default": true
            }
          ],
          "store_path": "/nix/store/86bjxh9bq262aa05mfwpbgrpd59ncbwy-watchexec-2.3.0"
        }
      }
    }
  }
}
