{
  "lockfile_version": "1",
  "packages": {
    "bashInteractive@latest": {
      "last_modified": "2025-02-18T07:26:52Z",
      "resolved": "github:NixOS/nixpkgs/632f04521e847173c54fa72973ec6c39a371211c#bashInteractive",
      "source": "devbox-search",
      "version": "5.2p37",
      "systems": {
        "aarch64-darwin": {
          "outputs": [
            {
              "name": "out",
              "path": "/nix/store/7ppd0j3scxlgz9v106iqr4i05vs6dv8f-bash-interactive-5.2p37",
              "default": true
            },
            {
              "name": "man",
              "path": "/nix/store/nzc4d74xz6bp89xszgjhdlq4ajbbd10h-bash-interactive-5.2p37-man",
              "default": true
            },
            {
              "name": "doc",
              "path": "/nix/store/v0jlsh1n4lpjgxkxxyjqnjps6n2x6vj5-bash-interactive-5.2p37-doc"
            },
            {
              "name": "info",
              "path": "/nix/store/87j2izkwdn6i1cf9y375yjgnvxz9lrg8-bash-interactive-5.2p37-info"
            },
            {
              "name": "dev",
              "path": "/nix/store/kx703ixl474lkcqqhvxg26yg0x85f3b1-bash-interactive-5.2p37-dev"
            }
          ],
          "store_path": "/nix/store/7ppd0j3scxlgz9v106iqr4i05vs6dv8f-bash-interactive-5.2p37"
        },
        "aarch64-linux": {
          "outputs": [
            {
              "name": "out",
              "path": "/nix/store/vvqi8n8awklfv97y6k4jxsg0w8h1970v-bash-interactive-5.2p37",
              "default": true
            },
            {
              "name": "man",
              "path": "/nix/store/5ddbmjnr0mq32dj6h8aq3rcbyimdl6ia-bash-interactive-5.2p37-man",
              "default": true
            },
            {
              "name": "debug",
              "path": "/nix/store/84nn6g0xy17zlk878bis7i68hbiarhfg-bash-interactive-5.2p37-debug"
            },
            {
              "name": "dev",
              "path": "/nix/store/ljmn5pga4ymyjqbv85dwnsl5df052jzr-bash-interactive-5.2p37-dev"
            },
            {
              "name": "doc",
              "path": "/nix/store/x01w1mllkj0sa9iify8jpic62prw6lig-bash-interactive-5.2p37-doc"
            },
            {
              "name": "info",
              "path": "/nix/store/09fx54503xdgdnf94av8j64xssh5bw8a-bash-interactive-5.2p37-info"
            }
          ],
          "store_path": "/nix/store/vvqi8n8awklfv97y6k4jxsg0w8h1970v-bash-interactive-5.2p37"
        },
        "x86_64-darwin": {
          "outputs": [
            {
              "name": "out",
              "path": "/nix/store/s9wvs6kf32zhj7qva5sw4dy3zkzswxr4-bash-interactive-5.2p37",
              "default": true
            },
            {
              "name": "man",
              "path": "/nix/store/4ji6s1891jchnb8vnagildjxkr2mla6k-bash-interactive-5.2p37-man",
              "default": true
            },
            {
              "name": "dev",
              "path": "/nix/store/spdv87vmb47v0hq56jzz58db61sbbp1s-bash-interactive-5.2p37-dev"
            },
            {
              "name": "doc",
              "path": "/nix/store/fvvlrpn5d74aph62jszkby62ynn3ys15-bash-interactive-5.2p37-doc"
            },
            {
              "name": "info",
              "path": "/nix/store/f3v1r7jxmznfvidcbr4fgkxsp51qkn1k-bash-interactive-5.2p37-info"
            }
          ],
          "store_path": "/nix/store/s9wvs6kf32zhj7qva5sw4dy3zkzswxr4-bash-interactive-5.2p37"
        },
        "x86_64-linux": {
          "outputs": [
            {
              "name": "out",
              "path": "/nix/store/6vpzxqaqvwiyqywssfavs1s51b4cgsin-bash-interactive-5.2p37",
              "default": true
            },
            {
              "name": "man",
              "path": "/nix/store/q6rlnvrv67j8p7gqhyy25b4chhgql5p7-bash-interactive-5.2p37-man",
              "default": true
            },
            {
              "name": "doc",
              "path": "/nix/store/blywgvpya7499zza1a3q3d50l9lnkvj8-bash-interactive-5.2p37-doc"
            },
            {
              "name": "info",
              "path": "/nix/store/f3kcpir9lkb6n3ybdyz1f9fqi32d05mw-bash-interactive-5.2p37-info"
            },
            {
              "name": "debug",
              "path": "/nix/store/wl0idy04ap0cq9m7zica1v30qzrh8d6f-bash-interactive-5.2p37-debug"
            },
            {
              "name": "dev",
              "path": "/nix/store/4bk1q0hsar2p83950m4miv4ddhfalxh4-bash-interactive-5.2p37-dev"
            }
          ],
          "store_path": "/nix/store/6vpzxqaqvwiyqywssfavs1s51b4cgsin-bash-interactive-5.2p37"
        }
      }
    },
    "gitMinimal@latest": {
      "last_modified": "2025-04-17T05:47:26Z",
      "resolved": "github:NixOS/nixpkgs/ebe4301cbd8f81c4f8d3244b3632338bbeb6d49c#gitMinimal",
      "source": "devbox-search",
      "version": "2.49.0",
      "systems": {
        "aarch64-darwin": {
          "outputs": [
            {
              "name": "out",
              "path": "/nix/store/c77xj0nhrd9wilgb42z78w30k4vc48qg-git-minimal-2.49.0",
              "default": true
            }
          ],
          "store_path": "/nix/store/c77xj0nhrd9wilgb42z78w30k4vc48qg-git-minimal-2.49.0"
        },
        "aarch64-linux": {
          "outputs": [
            {
              "name": "out",
              "path": "/nix/store/ah1jw7njbcppzf2qw0835vs3xcirkga1-git-minimal-2.49.0",
              "default": true
            },
            {
              "name": "debug",
              "path": "/nix/store/zsj22pp2ssk8hsxic13hzqmkx0bm6whd-git-minimal-2.49.0-debug"
            }
          ],
          "store_path": "/nix/store/ah1jw7njbcppzf2qw0835vs3xcirkga1-git-minimal-2.49.0"
        },
        "x86_64-darwin": {
          "outputs": [
            {
              "name": "out",
              "path": "/nix/store/wg3qfskkrxv7l38jbwp01yaz48ay21j8-git-minimal-2.49.0",
              "default": true
            }
          ],
          "store_path": "/nix/store/wg3qfskkrxv7l38jbwp01yaz48ay21j8-git-minimal-2.49.0"
        },
        "x86_64-linux": {
          "outputs": [
            {
              "name": "out",
              "path": "/nix/store/9xb38lwvp8nlkcdbh0kj9p95qmqh4k1h-git-minimal-2.49.0",
              "default": true
            },
            {
              "name": "debug",
              "path": "/nix/store/zxrz1qk5y63cq2130vxvawvi3fw9lan8-git-minimal-2.49.0-debug"
            }
          ],
          "store_path": "/nix/store/9xb38lwvp8nlkcdbh0kj9p95qmqh4k1h-git-minimal-2.49.0"
        }
      }
    },
    "github:NixOS/nixpkgs/nixpkgs-unstable": {
      "resolved": "github:NixOS/nixpkgs/eaeed9530c76ce5f1d2d8232e08bec5e26f18ec1?lastModified=1747060738&narHash=sha256-ByfPRQuqj%2BnhtVV0koinEpmJw0KLzNbgcgi9EF%2BNVow%3D"
    },
    "jq@latest": {
      "last_modified": "2025-05-04T22:22:57Z",
      "resolved": "github:NixOS/nixpkgs/ed30f8aba41605e3ab46421e3dcb4510ec560ff8#jq",
      "source": "devbox-search",
      "version": "1.7.1",
      "systems": {
        "aarch64-darwin": {
          "outputs": [
            {
              "name": "bin",
              "path": "/nix/store/d0r880glv6pvpxibssrcl2v7v4sqijfx-jq-1.7.1-bin",
              "default": true
            },
            {
              "name": "man",
              "path": "/nix/store/51dbhjrpi3dnj3jv9npjk1wvqcjfpz2n-jq-1.7.1-man",
              "default": true
            },
            {
              "name": "out",
              "path": "/nix/store/kd68ckkv7lqnfb46rk1746mhig0hhpl5-jq-1.7.1"
            },
            {
              "name": "dev",
              "path": "/nix/store/d3w37gvgsapsh612vyy0b0lnjq81bhhd-jq-1.7.1-dev"
            },
            {
              "name": "doc",
              "path": "/nix/store/31mydlnw005lpaslc5yqgmxy5mfhzs98-jq-1.7.1-doc"
            }
          ],
          "store_path": "/nix/store/d0r880glv6pvpxibssrcl2v7v4sqijfx-jq-1.7.1-bin"
        },
        "aarch64-linux": {
          "outputs": [
            {
              "name": "bin",
              "path": "/nix/store/gn5585z1600aqspd8hyz48qjxpkprmmd-jq-1.7.1-bin",
              "default": true
            },
            {
              "name": "man",
              "path": "/nix/store/333c44nih6riadc384l4kyrcsiqn9w6b-jq-1.7.1-man",
              "default": true
            },
            {
              "name": "dev",
              "path": "/nix/store/djgzdhs0aj2g37xfbbx5inmm5j34ri6s-jq-1.7.1-dev"
            },
            {
              "name": "doc",
              "path": "/nix/store/5iv52bfgs3dgg9sgy63m0v8kqf3jka61-jq-1.7.1-doc"
            },
            {
              "name": "out",
              "path": "/nix/store/qqb575m59p2l1v3h9hb3q96mm7b41qjf-jq-1.7.1"
            }
          ],
          "store_path": "/nix/store/gn5585z1600aqspd8hyz48qjxpkprmmd-jq-1.7.1-bin"
        },
        "x86_64-darwin": {
          "outputs": [
            {
              "name": "bin",
              "path": "/nix/store/d7scikakdayw3xjw8pm55q8j146qwxwd-jq-1.7.1-bin",
              "default": true
            },
            {
              "name": "man",
              "path": "/nix/store/giabrd1iawzw666w62n4dw7czs6k580i-jq-1.7.1-man",
              "default": true
            },
            {
              "name": "dev",
              "path": "/nix/store/h80zvna5sb5klg3q56l22rw2cac35pzm-jq-1.7.1-dev"
            },
            {
              "name": "doc",
              "path": "/nix/store/v51p982wn5hrjvfprr5h5f7ffakj86iq-jq-1.7.1-doc"
            },
            {
              "name": "out",
              "path": "/nix/store/8fd0arnj59yvp8clz9a14p61dhchp8kk-jq-1.7.1"
            }
          ],
          "store_path": "/nix/store/d7scikakdayw3xjw8pm55q8j146qwxwd-jq-1.7.1-bin"
        },
        "x86_64-linux": {
          "outputs": [
            {
              "name": "bin",
              "path": "/nix/store/2yi7k5ay6xj73rbfqf170gms922rjm2d-jq-1.7.1-bin",
              "default": true
            },
            {
              "name": "man",
              "path": "/nix/store/6y5xhrbdfwnf4xbwzvvz8n2yibyvkvm9-jq-1.7.1-man",
              "default": true
            },
            {
              "name": "dev",
              "path": "/nix/store/2186473hfwk15m3cmpddck6jp28sjmkl-jq-1.7.1-dev"
            },
            {
              "name": "doc",
              "path": "/nix/store/r6qdnj7qxcwvkp02zw5yjp09vydb0m8l-jq-1.7.1-doc"
            },
            {
              "name": "out",
              "path": "/nix/store/d7mhlprb84m83vm0z1xw18jpxz3x5hzy-jq-1.7.1"
            }
          ],
          "store_path": "/nix/store/2yi7k5ay6xj73rbfqf170gms922rjm2d-jq-1.7.1-bin"
        }
      }
    },
    "mask@latest": {
      "last_modified": "2025-04-17T05:47:26Z",
      "resolved": "github:NixOS/nixpkgs/ebe4301cbd8f81c4f8d3244b3632338bbeb6d49c#mask",
      "source": "devbox-search",
      "version": "0.11.6",
      "systems": {
        "aarch64-darwin": {
          "outputs": [
            {
              "name": "out",
              "path": "/nix/store/n7rq6s91xnvjcafmyzbgn4sc1c5bchws-mask-0.11.6",
              "default": true
            }
          ],
          "store_path": "/nix/store/n7rq6s91xnvjcafmyzbgn4sc1c5bchws-mask-0.11.6"
        },
        "aarch64-linux": {
          "outputs": [
            {
              "name": "out",
              "path": "/nix/store/4n0anv49z9lh8qydq6z0s14cbihn25dk-mask-0.11.6",
              "default": true
            }
          ],
          "store_path": "/nix/store/4n0anv49z9lh8qydq6z0s14cbihn25dk-mask-0.11.6"
        },
        "x86_64-darwin": {
          "outputs": [
            {
              "name": "out",
              "path": "/nix/store/gc04k0azja7g3wk15f8icfhb59576wkp-mask-0.11.6",
              "default": true
            }
          ],
          "store_path": "/nix/store/gc04k0azja7g3wk15f8icfhb59576wkp-mask-0.11.6"
        },
        "x86_64-linux": {
          "outputs": [
            {
              "name": "out",
              "path": "/nix/store/bflini5ms7cv27hm52dhx09p8xdkb364-mask-0.11.6",
              "default": true
            }
          ],
          "store_path": "/nix/store/bflini5ms7cv27hm52dhx09p8xdkb364-mask-0.11.6"
        }
      }
    },
    "shellcheck@latest": {
      "last_modified": "2025-04-17T05:47:26Z",
      "resolved": "github:NixOS/nixpkgs/ebe4301cbd8f81c4f8d3244b3632338bbeb6d49c#shellcheck",
      "source": "devbox-search",
      "version": "0.10.0",
      "systems": {
        "aarch64-darwin": {
          "outputs": [
            {
              "name": "bin",
              "path": "/nix/store/b1c32mg5irkdxxxz9bzpzvymqp2pqhmy-shellcheck-0.10.0-bin",
              "default": true
            },
            {
              "name": "man",
              "path": "/nix/store/d63kfzv0l4hfb76ha0zvyvh4wysjgl9r-shellcheck-0.10.0-man",
              "default": true
            },
            {
              "name": "doc",
              "path": "/nix/store/8af82s23d9vkcf0zq20jhgp4h73m345z-shellcheck-0.10.0-doc",
              "default": true
            },
            {
              "name": "out",
              "path": "/nix/store/j2i0irdvsvcgg1dh1k57knsmxwjq6619-shellcheck-0.10.0"
            }
          ],
          "store_path": "/nix/store/b1c32mg5irkdxxxz9bzpzvymqp2pqhmy-shellcheck-0.10.0-bin"
        },
        "aarch64-linux": {
          "outputs": [
            {
              "name": "bin",
              "path": "/nix/store/cbxl6jgfh7jpd6sp9ac8jdhbb6sq8k9p-shellcheck-0.10.0-bin",
              "default": true
            },
            {
              "name": "man",
              "path": "/nix/store/mkaram0apy3f9r1pi3ayfan0bds91wr0-shellcheck-0.10.0-man",
              "default": true
            },
            {
              "name": "doc",
              "path": "/nix/store/3drjxay81qf11ayv416s4j4zcnalrm8v-shellcheck-0.10.0-doc",
              "default": true
            },
            {
              "name": "out",
              "path": "/nix/store/lb15kk9k71wfsmvd4vv60h5a506ri40i-shellcheck-0.10.0"
            }
          ],
          "store_path": "/nix/store/cbxl6jgfh7jpd6sp9ac8jdhbb6sq8k9p-shellcheck-0.10.0-bin"
        },
        "x86_64-darwin": {
          "outputs": [
            {
              "name": "bin",
              "path": "/nix/store/qsk9cg3lsq385pvzblzhsvdxv54ka3xb-shellcheck-0.10.0-bin",
              "default": true
            },
            {
              "name": "man",
              "path": "/nix/store/32df81kwkxh0l7z5zypwqvz2bv6zrccw-shellcheck-0.10.0-man",
              "default": true
            },
            {
              "name": "doc",
              "path": "/nix/store/gviywi0w35z645swzdjzmq93iv4di26z-shellcheck-0.10.0-doc",
              "default": true
            },
            {
              "name": "out",
              "path": "/nix/store/pzp6nv4chixjg1x51yl7g3r2brd609k5-shellcheck-0.10.0"
            }
          ],
          "store_path": "/nix/store/qsk9cg3lsq385pvzblzhsvdxv54ka3xb-shellcheck-0.10.0-bin"
        },
        "x86_64-linux": {
          "outputs": [
            {
              "name": "bin",
              "path": "/nix/store/ab8fn2wams0fig9n1r2xc0lpxaw7k3ij-shellcheck-0.10.0-bin",
              "default": true
            },
            {
              "name": "man",
              "path": "/nix/store/kr9znaydj0zgb7vifaav25bq627zvw8y-shellcheck-0.10.0-man",
              "default": true
            },
            {
              "name": "doc",
              "path": "/nix/store/jgnfmjmgvbxq3nfx473dmx649v8q62k3-shellcheck-0.10.0-doc",
              "default": true
            },
            {
              "name": "out",
              "path": "/nix/store/040l4dgfz0syj8qfyhnn3359w1fxckmx-shellcheck-0.10.0"
            }
          ],
          "store_path": "/nix/store/ab8fn2wams0fig9n1r2xc0lpxaw7k3ij-shellcheck-0.10.0-bin"
        }
      }
    },
    "shfmt@latest": {
      "last_modified": "2025-04-17T05:47:26Z",
      "resolved": "github:NixOS/nixpkgs/ebe4301cbd8f81c4f8d3244b3632338bbeb6d49c#shfmt",
      "source": "devbox-search",
      "version": "3.11.0",
      "systems": {
        "aarch64-darwin": {
          "outputs": [
            {
              "name": "out",
              "path": "/nix/store/yzjr67lxhw26abbhw1qafwd1p3nf6jd8-shfmt-3.11.0",
              "default": true
            }
          ],
          "store_path": "/nix/store/yzjr67lxhw26abbhw1qafwd1p3nf6jd8-shfmt-3.11.0"
        },
        "aarch64-linux": {
          "outputs": [
            {
              "name": "out",
              "path": "/nix/store/fsh2cvmk3mikyqc7znxmkr6pw38c8rix-shfmt-3.11.0",
              "default": true
            }
          ],
          "store_path": "/nix/store/fsh2cvmk3mikyqc7znxmkr6pw38c8rix-shfmt-3.11.0"
        },
        "x86_64-darwin": {
          "outputs": [
            {
              "name": "out",
              "path": "/nix/store/hawzg5kf2lhxgsrf8n8y5kxm35xafhk3-shfmt-3.11.0",
              "default": true
            }
          ],
          "store_path": "/nix/store/hawzg5kf2lhxgsrf8n8y5kxm35xafhk3-shfmt-3.11.0"
        },
        "x86_64-linux": {
          "outputs": [
            {
              "name": "out",
              "path": "/nix/store/1rlccxy9swhrd2i8kln0a523hjp9ri50-shfmt-3.11.0",
              "default": true
            }
          ],
          "store_path": "/nix/store/1rlccxy9swhrd2i8kln0a523hjp9ri50-shfmt-3.11.0"
        }
      }
    },
    "shunit2@latest": {
      "last_modified": "2025-04-30T07:41:21Z",
      "resolved": "github:NixOS/nixpkgs/423d2df5b04b4ee7688c3d71396e872afa236a89#shunit2",
      "source": "devbox-search",
      "version": "2.1.8",
      "systems": {
        "aarch64-darwin": {
          "outputs": [
            {
              "name": "out",
              "path": "/nix/store/i1y944ak6wkgfw6rwnfwhpzlw3sh88hg-shunit2-2.1.8",
              "default": true
            }
          ],
          "store_path": "/nix/store/i1y944ak6wkgfw6rwnfwhpzlw3sh88hg-shunit2-2.1.8"
        },
        "aarch64-linux": {
          "outputs": [
            {
              "name": "out",
              "path": "/nix/store/drs0cv0yirb5hrki7hh282pr10lc5rlm-shunit2-2.1.8",
              "default": true
            }
          ],
          "store_path": "/nix/store/drs0cv0yirb5hrki7hh282pr10lc5rlm-shunit2-2.1.8"
        },
        "x86_64-darwin": {
          "outputs": [
            {
              "name": "out",
              "path": "/nix/store/gxgcjc63iyafklfcrp5vmyy2p7g3laxx-shunit2-2.1.8",
              "default": true
            }
          ],
          "store_path": "/nix/store/gxgcjc63iyafklfcrp5vmyy2p7g3laxx-shunit2-2.1.8"
        },
        "x86_64-linux": {
          "outputs": [
            {
              "name": "out",
              "path": "/nix/store/aibkb26g1sz4x7d4y2sgy6awih3fi070-shunit2-2.1.8",
              "default": true
            }
          ],
          "store_path": "/nix/store/aibkb26g1sz4x7d4y2sgy6awih3fi070-shunit2-2.1.8"
        }
      }
    },
    "watchexec@latest": {
      "last_modified": "2025-04-17T05:47:26Z",
      "resolved": "github:NixOS/nixpkgs/ebe4301cbd8f81c4f8d3244b3632338bbeb6d49c#watchexec",
      "source": "devbox-search",
      "version": "2.3.0",
      "systems": {
        "aarch64-darwin": {
          "outputs": [
            {
              "name": "out",
              "path": "/nix/store/72x01q5p3ifcsw1ydxvk1qxljfhy4z8x-watchexec-2.3.0",
              "default": true
            }
          ],
          "store_path": "/nix/store/72x01q5p3ifcsw1ydxvk1qxljfhy4z8x-watchexec-2.3.0"
        },
        "aarch64-linux": {
          "outputs": [
            {
              "name": "out",
              "path": "/nix/store/xfz7gzpzdb045mc5appc0qc2bv8pdnn9-watchexec-2.3.0",
              "default": true
            }
          ],
          "store_path": "/nix/store/xfz7gzpzdb045mc5appc0qc2bv8pdnn9-watchexec-2.3.0"
        },
        "x86_64-darwin": {
          "outputs": [
            {
              "name": "out",
              "path": "/nix/store/qd3gky3vyrk52cdbax9g9hlrv7k5zx8f-watchexec-2.3.0",
              "default": true
            }
          ],
          "store_path": "/nix/store/qd3gky3vyrk52cdbax9g9hlrv7k5zx8f-watchexec-2.3.0"
        },
        "x86_64-linux": {
          "outputs": [
            {
              "name": "out",
              "path": "/nix/store/b4nr7xsrpi5lcnfkhc6pirvs06r82jh2-watchexec-2.3.0",
              "default": true
            }
          ],
          "store_path": "/nix/store/b4nr7xsrpi5lcnfkhc6pirvs06r82jh2-watchexec-2.3.0"
        }
      }
    }
  }
}
